
Microsoft Visual Studio Solution File, Format Version 12.00
# Visual Studio 15
Project("{FAE04EC0-301F-11D3-BF4B-00C04F79EFBC}") = "Assembly-CSharp", "Assembly-CSharp.csproj", "{792B1531-83D3-1F6E-2540-0BAE30CBDC69}"
EndProject
Project("{FAE04EC0-301F-11D3-BF4B-00C04F79EFBC}") = "Assembly-CSharp-Editor", "Assembly-CSharp-Editor.csproj", "{581083DA-7BB2-D747-0F24-A9CA037CB9CE}"
EndProject
Global
	GlobalSection(SolutionConfigurationPlatforms) = preSolution
		Debug|Any CPU = Debug|Any CPU
		Release|Any CPU = Release|Any CPU
	EndGlobalSection
	GlobalSection(ProjectConfigurationPlatforms) = postSolution
		{792B1531-83D3-1F6E-2540-0BAE30CBDC69}.Debug|Any CPU.ActiveCfg = Debug|Any CPU
		{792B1531-83D3-1F6E-2540-0BAE30CBDC69}.Debug|Any CPU.Build.0 = Debug|Any CPU
		{792B1531-83D3-1F6E-2540-0BAE30CBDC69}.Release|Any CPU.ActiveCfg = Release|Any CPU
		{792B1531-83D3-1F6E-2540-0BAE30CBDC69}.Release|Any CPU.Build.0 = Release|Any CPU
		{581083DA-7BB2-D747-0F24-A9CA037CB9CE}.Debug|Any CPU.ActiveCfg = Debug|Any CPU
		{581083DA-7BB2-D747-0F24-A9CA037CB9CE}.Debug|Any CPU.Build.0 = Debug|Any CPU
		{581083DA-7BB2-D747-0F24-A9CA037CB9CE}.Release|Any CPU.ActiveCfg = Release|Any CPU
		{581083DA-7BB2-D747-0F24-A9CA037CB9CE}.Release|Any CPU.Build.0 = Release|Any CPU
	EndGlobalSection
	GlobalSection(SolutionProperties) = preSolution
		HideSolutionNode = FALSE
	EndGlobalSection
EndGlobal
